
Microsoft Visual Studio Solution File, Format Version 12.00
# Visual Studio Version 17
VisualStudioVersion = 17.5.33516.290
MinimumVisualStudioVersion = 10.0.40219.1
Project("{8BC9CEB8-8B4A-11D0-8D11-00A0C91BC942}") = "Parent", "Lebiadzevich_Lab2\Lebiadzevich_Lab2.vcxproj", "{0E5EF47D-DC4F-4560-A619-DADCF88E038E}"
EndProject
Project("{8BC9CEB8-8B4A-11D0-8D11-00A0C91BC942}") = "Child", "Child\Child.vcxproj", "{EBDFB759-6EAC-4CAC-999E-171DC548FD31}"
EndProject
Global
	GlobalSection(SolutionConfigurationPlatforms) = preSolution
		Debug|x64 = Debug|x64
		Debug|x86 = Debug|x86
		Release|x64 = Release|x64
		Release|x86 = Release|x86
	EndGlobalSection
	GlobalSection(ProjectConfigurationPlatforms) = postSolution
		{0E5EF47D-DC4F-4560-A619-DADCF88E038E}.Debug|x64.ActiveCfg = Debug|x64
		{0E5EF47D-DC4F-4560-A619-DADCF88E038E}.Debug|x64.Build.0 = Debug|x64
		{0E5EF47D-DC4F-4560-A619-DADCF88E038E}.Debug|x86.ActiveCfg = Debug|Win32
		{0E5EF47D-DC4F-4560-A619-DADCF88E038E}.Debug|x86.Build.0 = Debug|Win32
		{0E5EF47D-DC4F-4560-A619-DADCF88E038E}.Release|x64.ActiveCfg = Release|x64
		{0E5EF47D-DC4F-4560-A619-DADCF88E038E}.Release|x64.Build.0 = Release|x64
		{0E5EF47D-DC4F-4560-A619-DADCF88E038E}.Release|x86.ActiveCfg = Release|Win32
		{0E5EF47D-DC4F-4560-A619-DADCF88E038E}.Release|x86.Build.0 = Release|Win32
		{EBDFB759-6EAC-4CAC-999E-171DC548FD31}.Debug|x64.ActiveCfg = Debug|x64
		{EBDFB759-6EAC-4CAC-999E-171DC548FD31}.Debug|x64.Build.0 = Debug|x64
		{EBDFB759-6EAC-4CAC-999E-171DC548FD31}.Debug|x86.ActiveCfg = Debug|Win32
		{EBDFB759-6EAC-4CAC-999E-171DC548FD31}.Debug|x86.Build.0 = Debug|Win32
		{EBDFB759-6EAC-4CAC-999E-171DC548FD31}.Release|x64.ActiveCfg = Release|x64
		{EBDFB759-6EAC-4CAC-999E-171DC548FD31}.Release|x64.Build.0 = Release|x64
		{EBDFB759-6EAC-4CAC-999E-171DC548FD31}.Release|x86.ActiveCfg = Release|Win32
		{EBDFB759-6EAC-4CAC-999E-171DC548FD31}.Release|x86.Build.0 = Release|Win32
	EndGlobalSection
	GlobalSection(SolutionProperties) = preSolution
		HideSolutionNode = FALSE
	EndGlobalSection
	GlobalSection(ExtensibilityGlobals) = postSolution
		SolutionGuid = {E534CA76-A3C4-4427-8FB3-EFED148CF05C}
	EndGlobalSection
EndGlobal
